// !$*UTF8*$!
{
	archiveVersion = 1;
	classes = {
	};
	objectVersion = 55;
	objects = {

/* Begin PBXBuildFile section */
		4771DE7B27720A83000541A9 /* UI_400App.swift in Sources */ = {isa = PBXBuildFile; fileRef = 4771DE7A27720A83000541A9 /* UI_400App.swift */; };
		4771DE7D27720A83000541A9 /* ContentView.swift in Sources */ = {isa = PBXBuildFile; fileRef = 4771DE7C27720A83000541A9 /* ContentView.swift */; };
		4771DE7F27720A84000541A9 /* Assets.xcassets in Resources */ = {isa = PBXBuildFile; fileRef = 4771DE7E27720A84000541A9 /* Assets.xcassets */; };
		4771DE8227720A84000541A9 /* Preview Assets.xcassets in Resources */ = {isa = PBXBuildFile; fileRef = 4771DE8127720A84000541A9 /* Preview Assets.xcassets */; };
		4771DE8C27720A84000541A9 /* UI_400Tests.swift in Sources */ = {isa = PBXBuildFile; fileRef = 4771DE8B27720A84000541A9 /* UI_400Tests.swift */; };
		4771DE9627720A84000541A9 /* UI_400UITests.swift in Sources */ = {isa = PBXBuildFile; fileRef = 4771DE9527720A84000541A9 /* UI_400UITests.swift */; };
		4771DE9827720A84000541A9 /* UI_400UITestsLaunchTests.swift in Sources */ = {isa = PBXBuildFile; fileRef = 4771DE9727720A84000541A9 /* UI_400UITestsLaunchTests.swift */; };
		4771DEA627720AD8000541A9 /* MainPage.swift in Sources */ = {isa = PBXBuildFile; fileRef = 4771DEA527720AD8000541A9 /* MainPage.swift */; };
		4771DEA827720B09000541A9 /* SlideView.swift in Sources */ = {isa = PBXBuildFile; fileRef = 4771DEA727720B09000541A9 /* SlideView.swift */; };
		4771DEAA277216C3000541A9 /* CustomTabView.swift in Sources */ = {isa = PBXBuildFile; fileRef = 4771DEA9277216C3000541A9 /* CustomTabView.swift */; };
/* End PBXBuildFile section */

/* Begin PBXContainerItemProxy section */
		4771DE8827720A84000541A9 /* PBXContainerItemProxy */ = {
			isa = PBXContainerItemProxy;
			containerPortal = 4771DE6F27720A83000541A9 /* Project object */;
			proxyType = 1;
			remoteGlobalIDString = 4771DE7627720A83000541A9;
			remoteInfo = "UI-400";
		};
		4771DE9227720A84000541A9 /* PBXContainerItemProxy */ = {
			isa = PBXContainerItemProxy;
			containerPortal = 4771DE6F27720A83000541A9 /* Project object */;
			proxyType = 1;
			remoteGlobalIDString = 4771DE7627720A83000541A9;
			remoteInfo = "UI-400";
		};
/* End PBXContainerItemProxy section */

/* Begin PBXFileReference section */
		4771DE7727720A83000541A9 /* UI-400.app */ = {isa = PBXFileReference; explicitFileType = wrapper.application; includeInIndex = 0; path = "UI-400.app"; sourceTree = BUILT_PRODUCTS_DIR; };
		4771DE7A27720A83000541A9 /* UI_400App.swift */ = {isa = PBXFileReference; lastKnownFileType = sourcecode.swift; path = UI_400App.swift; sourceTree = "<group>"; };
		4771DE7C27720A83000541A9 /* ContentView.swift */ = {isa = PBXFileReference; lastKnownFileType = sourcecode.swift; path = ContentView.swift; sourceTree = "<group>"; };
		4771DE7E27720A84000541A9 /* Assets.xcassets */ = {isa = PBXFileReference; lastKnownFileType = folder.assetcatalog; path = Assets.xcassets; sourceTree = "<group>"; };
		4771DE8127720A84000541A9 /* Preview Assets.xcassets */ = {isa = PBXFileReference; lastKnownFileType = folder.assetcatalog; path = "Preview Assets.xcassets"; sourceTree = "<group>"; };
		4771DE8727720A84000541A9 /* UI-400Tests.xctest */ = {isa = PBXFileReference; explicitFileType = wrapper.cfbundle; includeInIndex = 0; path = "UI-400Tests.xctest"; sourceTree = BUILT_PRODUCTS_DIR; };
		4771DE8B27720A84000541A9 /* UI_400Tests.swift */ = {isa = PBXFileReference; lastKnownFileType = sourcecode.swift; path = UI_400Tests.swift; sourceTree = "<group>"; };
		4771DE9127720A84000541A9 /* UI-400UITests.xctest */ = {isa = PBXFileReference; explicitFileType = wrapper.cfbundle; includeInIndex = 0; path = "UI-400UITests.xctest"; sourceTree = BUILT_PRODUCTS_DIR; };
		4771DE9527720A84000541A9 /* UI_400UITests.swift */ = {isa = PBXFileReference; lastKnownFileType = sourcecode.swift; path = UI_400UITests.swift; sourceTree = "<group>"; };
		4771DE9727720A84000541A9 /* UI_400UITestsLaunchTests.swift */ = {isa = PBXFileReference; lastKnownFileType = sourcecode.swift; path = UI_400UITestsLaunchTests.swift; sourceTree = "<group>"; };
		4771DEA527720AD8000541A9 /* MainPage.swift */ = {isa = PBXFileReference; lastKnownFileType = sourcecode.swift; path = MainPage.swift; sourceTree = "<group>"; };
		4771DEA727720B09000541A9 /* SlideView.swift */ = {isa = PBXFileReference; lastKnownFileType = sourcecode.swift; path = SlideView.swift; sourceTree = "<group>"; };
		4771DEA9277216C3000541A9 /* CustomTabView.swift */ = {isa = PBXFileReference; lastKnownFileType = sourcecode.swift; path = CustomTabView.swift; sourceTree = "<group>"; };
/* End PBXFileReference section */

/* Begin PBXFrameworksBuildPhase section */
		4771DE7427720A83000541A9 /* Frameworks */ = {
			isa = PBXFrameworksBuildPhase;
			buildActionMask = 2147483647;
			files = (
			);
			runOnlyForDeploymentPostprocessing = 0;
		};
		4771DE8427720A84000541A9 /* Frameworks */ = {
			isa = PBXFrameworksBuildPhase;
			buildActionMask = 2147483647;
			files = (
			);
			runOnlyForDeploymentPostprocessing = 0;
		};
		4771DE8E27720A84000541A9 /* Frameworks */ = {
			isa = PBXFrameworksBuildPhase;
			buildActionMask = 2147483647;
			files = (
			);
			runOnlyForDeploymentPostprocessing = 0;
		};
/* End PBXFrameworksBuildPhase section */

/* Begin PBXGroup section */
		4771DE6E27720A83000541A9 = {
			isa = PBXGroup;
			children = (
				4771DE7927720A83000541A9 /* UI-400 */,
				4771DE8A27720A84000541A9 /* UI-400Tests */,
				4771DE9427720A84000541A9 /* UI-400UITests */,
				4771DE7827720A83000541A9 /* Products */,
			);
			sourceTree = "<group>";
		};
		4771DE7827720A83000541A9 /* Products */ = {
			isa = PBXGroup;
			children = (
				4771DE7727720A83000541A9 /* UI-400.app */,
				4771DE8727720A84000541A9 /* UI-400Tests.xctest */,
				4771DE9127720A84000541A9 /* UI-400UITests.xctest */,
			);
			name = Products;
			sourceTree = "<group>";
		};
		4771DE7927720A83000541A9 /* UI-400 */ = {
			isa = PBXGroup;
			children = (
				4771DEA427720AAA000541A9 /* View */,
				4771DE7A27720A83000541A9 /* UI_400App.swift */,
				4771DE7C27720A83000541A9 /* ContentView.swift */,
				4771DE7E27720A84000541A9 /* Assets.xcassets */,
				4771DE8027720A84000541A9 /* Preview Content */,
			);
			path = "UI-400";
			sourceTree = "<group>";
		};
		4771DE8027720A84000541A9 /* Preview Content */ = {
			isa = PBXGroup;
			children = (
				4771DE8127720A84000541A9 /* Preview Assets.xcassets */,
			);
			path = "Preview Content";
			sourceTree = "<group>";
		};
		4771DE8A27720A84000541A9 /* UI-400Tests */ = {
			isa = PBXGroup;
			children = (
				4771DE8B27720A84000541A9 /* UI_400Tests.swift */,
			);
			path = "UI-400Tests";
			sourceTree = "<group>";
		};
		4771DE9427720A84000541A9 /* UI-400UITests */ = {
			isa = PBXGroup;
			children = (
				4771DE9527720A84000541A9 /* UI_400UITests.swift */,
				4771DE9727720A84000541A9 /* UI_400UITestsLaunchTests.swift */,
			);
			path = "UI-400UITests";
			sourceTree = "<group>";
		};
		4771DEA427720AAA000541A9 /* View */ = {
			isa = PBXGroup;
			children = (
				4771DEA527720AD8000541A9 /* MainPage.swift */,
				4771DEA727720B09000541A9 /* SlideView.swift */,
				4771DEA9277216C3000541A9 /* CustomTabView.swift */,
			);
			path = View;
			sourceTree = "<group>";
		};
/* End PBXGroup section */

/* Begin PBXNativeTarget section */
		4771DE7627720A83000541A9 /* UI-400 */ = {
			isa = PBXNativeTarget;
			buildConfigurationList = 4771DE9B27720A84000541A9 /* Build configuration list for PBXNativeTarget "UI-400" */;
			buildPhases = (
				4771DE7327720A83000541A9 /* Sources */,
				4771DE7427720A83000541A9 /* Frameworks */,
				4771DE7527720A83000541A9 /* Resources */,
			);
			buildRules = (
			);
			dependencies = (
			);
			name = "UI-400";
			productName = "UI-400";
			productReference = 4771DE7727720A83000541A9 /* UI-400.app */;
			productType = "com.apple.product-type.application";
		};
		4771DE8627720A84000541A9 /* UI-400Tests */ = {
			isa = PBXNativeTarget;
			buildConfigurationList = 4771DE9E27720A84000541A9 /* Build configuration list for PBXNativeTarget "UI-400Tests" */;
			buildPhases = (
				4771DE8327720A84000541A9 /* Sources */,
				4771DE8427720A84000541A9 /* Frameworks */,
				4771DE8527720A84000541A9 /* Resources */,
			);
			buildRules = (
			);
			dependencies = (
				4771DE8927720A84000541A9 /* PBXTargetDependency */,
			);
			name = "UI-400Tests";
			productName = "UI-400Tests";
			productReference = 4771DE8727720A84000541A9 /* UI-400Tests.xctest */;
			productType = "com.apple.product-type.bundle.unit-test";
		};
		4771DE9027720A84000541A9 /* UI-400UITests */ = {
			isa = PBXNativeTarget;
			buildConfigurationList = 4771DEA127720A84000541A9 /* Build configuration list for PBXNativeTarget "UI-400UITests" */;
			buildPhases = (
				4771DE8D27720A84000541A9 /* Sources */,
				4771DE8E27720A84000541A9 /* Frameworks */,
				4771DE8F27720A84000541A9 /* Resources */,
			);
			buildRules = (
			);
			dependencies = (
				4771DE9327720A84000541A9 /* PBXTargetDependency */,
			);
			name = "UI-400UITests";
			productName = "UI-400UITests";
			productReference = 4771DE9127720A84000541A9 /* UI-400UITests.xctest */;
			productType = "com.apple.product-type.bundle.ui-testing";
		};
/* End PBXNativeTarget section */

/* Begin PBXProject section */
		4771DE6F27720A83000541A9 /* Project object */ = {
			isa = PBXProject;
			attributes = {
				BuildIndependentTargetsInParallel = 1;
				LastSwiftUpdateCheck = 1320;
				LastUpgradeCheck = 1320;
				TargetAttributes = {
					4771DE7627720A83000541A9 = {
						CreatedOnToolsVersion = 13.2.1;
					};
					4771DE8627720A84000541A9 = {
						CreatedOnToolsVersion = 13.2.1;
						TestTargetID = 4771DE7627720A83000541A9;
					};
					4771DE9027720A84000541A9 = {
						CreatedOnToolsVersion = 13.2.1;
						TestTargetID = 4771DE7627720A83000541A9;
					};
				};
			};
			buildConfigurationList = 4771DE7227720A83000541A9 /* Build configuration list for PBXProject "UI-400" */;
			compatibilityVersion = "Xcode 13.0";
			developmentRegion = en;
			hasScannedForEncodings = 0;
			knownRegions = (
				en,
				Base,
			);
			mainGroup = 4771DE6E27720A83000541A9;
			productRefGroup = 4771DE7827720A83000541A9 /* Products */;
			projectDirPath = "";
			projectRoot = "";
			targets = (
				4771DE7627720A83000541A9 /* UI-400 */,
				4771DE8627720A84000541A9 /* UI-400Tests */,
				4771DE9027720A84000541A9 /* UI-400UITests */,
			);
		};
/* End PBXProject section */

/* Begin PBXResourcesBuildPhase section */
		4771DE7527720A83000541A9 /* Resources */ = {
			isa = PBXResourcesBuildPhase;
			buildActionMask = 2147483647;
			files = (
				4771DE8227720A84000541A9 /* Preview Assets.xcassets in Resources */,
				4771DE7F27720A84000541A9 /* Assets.xcassets in Resources */,
			);
			runOnlyForDeploymentPostprocessing = 0;
		};
		4771DE8527720A84000541A9 /* Resources */ = {
			isa = PBXResourcesBuildPhase;
			buildActionMask = 2147483647;
			files = (
			);
			runOnlyForDeploymentPostprocessing = 0;
		};
		4771DE8F27720A84000541A9 /* Resources */ = {
			isa = PBXResourcesBuildPhase;
			buildActionMask = 2147483647;
			files = (
			);
			runOnlyForDeploymentPostprocessing = 0;
		};
/* End PBXResourcesBuildPhase section */

/* Begin PBXSourcesBuildPhase section */
		4771DE7327720A83000541A9 /* Sources */ = {
			isa = PBXSourcesBuildPhase;
			buildActionMask = 2147483647;
			files = (
				4771DE7D27720A83000541A9 /* ContentView.swift in Sources */,
				4771DE7B27720A83000541A9 /* UI_400App.swift in Sources */,
				4771DEAA277216C3000541A9 /* CustomTabView.swift in Sources */,
				4771DEA827720B09000541A9 /* SlideView.swift in Sources */,
				4771DEA627720AD8000541A9 /* MainPage.swift in Sources */,
			);
			runOnlyForDeploymentPostprocessing = 0;
		};
		4771DE8327720A84000541A9 /* Sources */ = {
			isa = PBXSourcesBuildPhase;
			buildActionMask = 2147483647;
			files = (
				4771DE8C27720A84000541A9 /* UI_400Tests.swift in Sources */,
			);
			runOnlyForDeploymentPostprocessing = 0;
		};
		4771DE8D27720A84000541A9 /* Sources */ = {
			isa = PBXSourcesBuildPhase;
			buildActionMask = 2147483647;
			files = (
				4771DE9627720A84000541A9 /* UI_400UITests.swift in Sources */,
				4771DE9827720A84000541A9 /* UI_400UITestsLaunchTests.swift in Sources */,
			);
			runOnlyForDeploymentPostprocessing = 0;
		};
/* End PBXSourcesBuildPhase section */

/* Begin PBXTargetDependency section */
		4771DE8927720A84000541A9 /* PBXTargetDependency */ = {
			isa = PBXTargetDependency;
			target = 4771DE7627720A83000541A9 /* UI-400 */;
			targetProxy = 4771DE8827720A84000541A9 /* PBXContainerItemProxy */;
		};
		4771DE9327720A84000541A9 /* PBXTargetDependency */ = {
			isa = PBXTargetDependency;
			target = 4771DE7627720A83000541A9 /* UI-400 */;
			targetProxy = 4771DE9227720A84000541A9 /* PBXContainerItemProxy */;
		};
/* End PBXTargetDependency section */

/* Begin XCBuildConfiguration section */
		4771DE9927720A84000541A9 /* Debug */ = {
			isa = XCBuildConfiguration;
			buildSettings = {
				ALWAYS_SEARCH_USER_PATHS = NO;
				CLANG_ANALYZER_NONNULL = YES;
				CLANG_ANALYZER_NUMBER_OBJECT_CONVERSION = YES_AGGRESSIVE;
				CLANG_CXX_LANGUAGE_STANDARD = "gnu++17";
				CLANG_CXX_LIBRARY = "libc++";
				CLANG_ENABLE_MODULES = YES;
				CLANG_ENABLE_OBJC_ARC = YES;
				CLANG_ENABLE_OBJC_WEAK = YES;
				CLANG_WARN_BLOCK_CAPTURE_AUTORELEASING = YES;
				CLANG_WARN_BOOL_CONVERSION = YES;
				CLANG_WARN_COMMA = YES;
				CLANG_WARN_CONSTANT_CONVERSION = YES;
				CLANG_WARN_DEPRECATED_OBJC_IMPLEMENTATIONS = YES;
				CLANG_WARN_DIRECT_OBJC_ISA_USAGE = YES_ERROR;
				CLANG_WARN_DOCUMENTATION_COMMENTS = YES;
				CLANG_WARN_EMPTY_BODY = YES;
				CLANG_WARN_ENUM_CONVERSION = YES;
				CLANG_WARN_INFINITE_RECURSION = YES;
				CLANG_WARN_INT_CONVERSION = YES;
				CLANG_WARN_NON_LITERAL_NULL_CONVERSION = YES;
				CLANG_WARN_OBJC_IMPLICIT_RETAIN_SELF = YES;
				CLANG_WARN_OBJC_LITERAL_CONVERSION = YES;
				CLANG_WARN_OBJC_ROOT_CLASS = YES_ERROR;
				CLANG_WARN_QUOTED_INCLUDE_IN_FRAMEWORK_HEADER = YES;
				CLANG_WARN_RANGE_LOOP_ANALYSIS = YES;
				CLANG_WARN_STRICT_PROTOTYPES = YES;
				CLANG_WARN_SUSPICIOUS_MOVE = YES;
				CLANG_WARN_UNGUARDED_AVAILABILITY = YES_AGGRESSIVE;
				CLANG_WARN_UNREACHABLE_CODE = YES;
				CLANG_WARN__DUPLICATE_METHOD_MATCH = YES;
				COPY_PHASE_STRIP = NO;
				DEBUG_INFORMATION_FORMAT = dwarf;
				ENABLE_STRICT_OBJC_MSGSEND = YES;
				ENABLE_TESTABILITY = YES;
				GCC_C_LANGUAGE_STANDARD = gnu11;
				GCC_DYNAMIC_NO_PIC = NO;
				GCC_NO_COMMON_BLOCKS = YES;
				GCC_OPTIMIZATION_LEVEL = 0;
				GCC_PREPROCESSOR_DEFINITIONS = (
					"DEBUG=1",
					"$(inherited)",
				);
				GCC_WARN_64_TO_32_BIT_CONVERSION = YES;
				GCC_WARN_ABOUT_RETURN_TYPE = YES_ERROR;
				GCC_WARN_UNDECLARED_SELECTOR = YES;
				GCC_WARN_UNINITIALIZED_AUTOS = YES_AGGRESSIVE;
				GCC_WARN_UNUSED_FUNCTION = YES;
				GCC_WARN_UNUSED_VARIABLE = YES;
				IPHONEOS_DEPLOYMENT_TARGET = 15.2;
				MTL_ENABLE_DEBUG_INFO = INCLUDE_SOURCE;
				MTL_FAST_MATH = YES;
				ONLY_ACTIVE_ARCH = YES;
				SDKROOT = iphoneos;
				SWIFT_ACTIVE_COMPILATION_CONDITIONS = DEBUG;
				SWIFT_OPTIMIZATION_LEVEL = "-Onone";
			};
			name = Debug;
		};
		4771DE9A27720A84000541A9 /* Release */ = {
			isa = XCBuildConfiguration;
			buildSettings = {
				ALWAYS_SEARCH_USER_PATHS = NO;
				CLANG_ANALYZER_NONNULL = YES;
				CLANG_ANALYZER_NUMBER_OBJECT_CONVERSION = YES_AGGRESSIVE;
				CLANG_CXX_LANGUAGE_STANDARD = "gnu++17";
				CLANG_CXX_LIBRARY = "libc++";
				CLANG_ENABLE_MODULES = YES;
				CLANG_ENABLE_OBJC_ARC = YES;
				CLANG_ENABLE_OBJC_WEAK = YES;
				CLANG_WARN_BLOCK_CAPTURE_AUTORELEASING = YES;
				CLANG_WARN_BOOL_CONVERSION = YES;
				CLANG_WARN_COMMA = YES;
				CLANG_WARN_CONSTANT_CONVERSION = YES;
				CLANG_WARN_DEPRECATED_OBJC_IMPLEMENTATIONS = YES;
				CLANG_WARN_DIRECT_OBJC_ISA_USAGE = YES_ERROR;
				CLANG_WARN_DOCUMENTATION_COMMENTS = YES;
				CLANG_WARN_EMPTY_BODY = YES;
				CLANG_WARN_ENUM_CONVERSION = YES;
				CLANG_WARN_INFINITE_RECURSION = YES;
				CLANG_WARN_INT_CONVERSION = YES;
				CLANG_WARN_NON_LITERAL_NULL_CONVERSION = YES;
				CLANG_WARN_OBJC_IMPLICIT_RETAIN_SELF = YES;
				CLANG_WARN_OBJC_LITERAL_CONVERSION = YES;
				CLANG_WARN_OBJC_ROOT_CLASS = YES_ERROR;
				CLANG_WARN_QUOTED_INCLUDE_IN_FRAMEWORK_HEADER = YES;
				CLANG_WARN_RANGE_LOOP_ANALYSIS = YES;
				CLANG_WARN_STRICT_PROTOTYPES = YES;
				CLANG_WARN_SUSPICIOUS_MOVE = YES;
				CLANG_WARN_UNGUARDED_AVAILABILITY = YES_AGGRESSIVE;
				CLANG_WARN_UNREACHABLE_CODE = YES;
				CLANG_WARN__DUPLICATE_METHOD_MATCH = YES;
				COPY_PHASE_STRIP = NO;
				DEBUG_INFORMATION_FORMAT = "dwarf-with-dsym";
				ENABLE_NS_ASSERTIONS = NO;
				ENABLE_STRICT_OBJC_MSGSEND = YES;
				GCC_C_LANGUAGE_STANDARD = gnu11;
				GCC_NO_COMMON_BLOCKS = YES;
				GCC_WARN_64_TO_32_BIT_CONVERSION = YES;
				GCC_WARN_ABOUT_RETURN_TYPE = YES_ERROR;
				GCC_WARN_UNDECLARED_SELECTOR = YES;
				GCC_WARN_UNINITIALIZED_AUTOS = YES_AGGRESSIVE;
				GCC_WARN_UNUSED_FUNCTION = YES;
				GCC_WARN_UNUSED_VARIABLE = YES;
				IPHONEOS_DEPLOYMENT_TARGET = 15.2;
				MTL_ENABLE_DEBUG_INFO = NO;
				MTL_FAST_MATH = YES;
				SDKROOT = iphoneos;
				SWIFT_COMPILATION_MODE = wholemodule;
				SWIFT_OPTIMIZATION_LEVEL = "-O";
				VALIDATE_PRODUCT = YES;
			};
			name = Release;
		};
		4771DE9C27720A84000541A9 /* Debug */ = {
			isa = XCBuildConfiguration;
			buildSettings = {
				ASSETCATALOG_COMPILER_APPICON_NAME = AppIcon;
				ASSETCATALOG_COMPILER_GLOBAL_ACCENT_COLOR_NAME = AccentColor;
				CODE_SIGN_STYLE = Automatic;
				CURRENT_PROJECT_VERSION = 1;
				DEVELOPMENT_ASSET_PATHS = "\"UI-400/Preview Content\"";
				DEVELOPMENT_TEAM = 8CL4U468K5;
				ENABLE_PREVIEWS = YES;
				GENERATE_INFOPLIST_FILE = YES;
				INFOPLIST_KEY_UIApplicationSceneManifest_Generation = YES;
				INFOPLIST_KEY_UIApplicationSupportsIndirectInputEvents = YES;
				INFOPLIST_KEY_UILaunchScreen_Generation = YES;
				INFOPLIST_KEY_UISupportedInterfaceOrientations_iPad = "UIInterfaceOrientationPortrait UIInterfaceOrientationPortraitUpsideDown UIInterfaceOrientationLandscapeLeft UIInterfaceOrientationLandscapeRight";
				INFOPLIST_KEY_UISupportedInterfaceOrientations_iPhone = "UIInterfaceOrientationPortrait UIInterfaceOrientationLandscapeLeft UIInterfaceOrientationLandscapeRight";
				LD_RUNPATH_SEARCH_PATHS = (
					"$(inherited)",
					"@executable_path/Frameworks",
				);
				MARKETING_VERSION = 1.0;
				PRODUCT_BUNDLE_IDENTIFIER = "com.585.UI-400";
				PRODUCT_NAME = "$(TARGET_NAME)";
				SWIFT_EMIT_LOC_STRINGS = YES;
				SWIFT_VERSION = 5.0;
				TARGETED_DEVICE_FAMILY = "1,2";
			};
			name = Debug;
		};
		4771DE9D27720A84000541A9 /* Release */ = {
			isa = XCBuildConfiguration;
			buildSettings = {
				ASSETCATALOG_COMPILER_APPICON_NAME = AppIcon;
				ASSETCATALOG_COMPILER_GLOBAL_ACCENT_COLOR_NAME = AccentColor;
				CODE_SIGN_STYLE = Automatic;
				CURRENT_PROJECT_VERSION = 1;
				DEVELOPMENT_ASSET_PATHS = "\"UI-400/Preview Content\"";
				DEVELOPMENT_TEAM = 8CL4U468K5;
				ENABLE_PREVIEWS = YES;
				GENERATE_INFOPLIST_FILE = YES;
				INFOPLIST_KEY_UIApplicationSceneManifest_Generation = YES;
				INFOPLIST_KEY_UIApplicationSupportsIndirectInputEvents = YES;
				INFOPLIST_KEY_UILaunchScreen_Generation = YES;
				INFOPLIST_KEY_UISupportedInterfaceOrientations_iPad = "UIInterfaceOrientationPortrait UIInterfaceOrientationPortraitUpsideDown UIInterfaceOrientationLandscapeLeft UIInterfaceOrientationLandscapeRight";
				INFOPLIST_KEY_UISupportedInterfaceOrientations_iPhone = "UIInterfaceOrientationPortrait UIInterfaceOrientationLandscapeLeft UIInterfaceOrientationLandscapeRight";
				LD_RUNPATH_SEARCH_PATHS = (
					"$(inherited)",
					"@executable_path/Frameworks",
				);
				MARKETING_VERSION = 1.0;
				PRODUCT_BUNDLE_IDENTIFIER = "com.585.UI-400";
				PRODUCT_NAME = "$(TARGET_NAME)";
				SWIFT_EMIT_LOC_STRINGS = YES;
				SWIFT_VERSION = 5.0;
				TARGETED_DEVICE_FAMILY = "1,2";
			};
			name = Release;
		};
		4771DE9F27720A84000541A9 /* Debug */ = {
			isa = XCBuildConfiguration;
			buildSettings = {
				ALWAYS_EMBED_SWIFT_STANDARD_LIBRARIES = YES;
				BUNDLE_LOADER = "$(TEST_HOST)";
				CODE_SIGN_STYLE = Automatic;
				CURRENT_PROJECT_VERSION = 1;
				DEVELOPMENT_TEAM = 8CL4U468K5;
				GENERATE_INFOPLIST_FILE = YES;
				IPHONEOS_DEPLOYMENT_TARGET = 15.2;
				MARKETING_VERSION = 1.0;
				PRODUCT_BUNDLE_IDENTIFIER = "com.585.UI-400Tests";
				PRODUCT_NAME = "$(TARGET_NAME)";
				SWIFT_EMIT_LOC_STRINGS = NO;
				SWIFT_VERSION = 5.0;
				TARGETED_DEVICE_FAMILY = "1,2";
				TEST_HOST = "$(BUILT_PRODUCTS_DIR)/UI-400.app/UI-400";
			};
			name = Debug;
		};
		4771DEA027720A84000541A9 /* Release */ = {
			isa = XCBuildConfiguration;
			buildSettings = {
				ALWAYS_EMBED_SWIFT_STANDARD_LIBRARIES = YES;
				BUNDLE_LOADER = "$(TEST_HOST)";
				CODE_SIGN_STYLE = Automatic;
				CURRENT_PROJECT_VERSION = 1;
				DEVELOPMENT_TEAM = 8CL4U468K5;
				GENERATE_INFOPLIST_FILE = YES;
				IPHONEOS_DEPLOYMENT_TARGET = 15.2;
				MARKETING_VERSION = 1.0;
				PRODUCT_BUNDLE_IDENTIFIER = "com.585.UI-400Tests";
				PRODUCT_NAME = "$(TARGET_NAME)";
				SWIFT_EMIT_LOC_STRINGS = NO;
				SWIFT_VERSION = 5.0;
				TARGETED_DEVICE_FAMILY = "1,2";
				TEST_HOST = "$(BUILT_PRODUCTS_DIR)/UI-400.app/UI-400";
			};
			name = Release;
		};
		4771DEA227720A84000541A9 /* Debug */ = {
			isa = XCBuildConfiguration;
			buildSettings = {
				ALWAYS_EMBED_SWIFT_STANDARD_LIBRARIES = YES;
				CODE_SIGN_STYLE = Automatic;
				CURRENT_PROJECT_VERSION = 1;
				DEVELOPMENT_TEAM = 8CL4U468K5;
				GENERATE_INFOPLIST_FILE = YES;
				MARKETING_VERSION = 1.0;
				PRODUCT_BUNDLE_IDENTIFIER = "com.585.UI-400UITests";
				PRODUCT_NAME = "$(TARGET_NAME)";
				SWIFT_EMIT_LOC_STRINGS = NO;
				SWIFT_VERSION = 5.0;
				TARGETED_DEVICE_FAMILY = "1,2";
				TEST_TARGET_NAME = "UI-400";
			};
			name = Debug;
		};
		4771DEA327720A84000541A9 /* Release */ = {
			isa = XCBuildConfiguration;
			buildSettings = {
				ALWAYS_EMBED_SWIFT_STANDARD_LIBRARIES = YES;
				CODE_SIGN_STYLE = Automatic;
				CURRENT_PROJECT_VERSION = 1;
				DEVELOPMENT_TEAM = 8CL4U468K5;
				GENERATE_INFOPLIST_FILE = YES;
				MARKETING_VERSION = 1.0;
				PRODUCT_BUNDLE_IDENTIFIER = "com.585.UI-400UITests";
				PRODUCT_NAME = "$(TARGET_NAME)";
				SWIFT_EMIT_LOC_STRINGS = NO;
				SWIFT_VERSION = 5.0;
				TARGETED_DEVICE_FAMILY = "1,2";
				TEST_TARGET_NAME = "UI-400";
			};
			name = Release;
		};
/* End XCBuildConfiguration section */

/* Begin XCConfigurationList section */
		4771DE7227720A83000541A9 /* Build configuration list for PBXProject "UI-400" */ = {
			isa = XCConfigurationList;
			buildConfigurations = (
				4771DE9927720A84000541A9 /* Debug */,
				4771DE9A27720A84000541A9 /* Release */,
			);
			defaultConfigurationIsVisible = 0;
			defaultConfigurationName = Release;
		};
		4771DE9B27720A84000541A9 /* Build configuration list for PBXNativeTarget "UI-400" */ = {
			isa = XCConfigurationList;
			buildConfigurations = (
				4771DE9C27720A84000541A9 /* Debug */,
				4771DE9D27720A84000541A9 /* Release */,
			);
			defaultConfigurationIsVisible = 0;
			defaultConfigurationName = Release;
		};
		4771DE9E27720A84000541A9 /* Build configuration list for PBXNativeTarget "UI-400Tests" */ = {
			isa = XCConfigurationList;
			buildConfigurations = (
				4771DE9F27720A84000541A9 /* Debug */,
				4771DEA027720A84000541A9 /* Release */,
			);
			defaultConfigurationIsVisible = 0;
			defaultConfigurationName = Release;
		};
		4771DEA127720A84000541A9 /* Build configuration list for PBXNativeTarget "UI-400UITests" */ = {
			isa = XCConfigurationList;
			buildConfigurations = (
				4771DEA227720A84000541A9 /* Debug */,
				4771DEA327720A84000541A9 /* Release */,
			);
			defaultConfigurationIsVisible = 0;
			defaultConfigurationName = Release;
		};
/* End XCConfigurationList section */
	};
	rootObject = 4771DE6F27720A83000541A9 /* Project object */;
}
